
Microsoft Visual Studio Solution File, Format Version 12.00
# Visual Studio Version 16
VisualStudioVersion = 16.0.32901.82
MinimumVisualStudioVersion = 10.0.40219.1
Project("{FAE04EC0-301F-11D3-BF4B-00C04F79EFBC}") = "Interface_Q3", "Interface_Q3\Interface_Q3.csproj", "{C6F8096D-F55E-49FE-8928-9E17D3E86511}"
EndProject
Global
	GlobalSection(SolutionConfigurationPlatforms) = preSolution
		Debug|Any CPU = Debug|Any CPU
		Release|Any CPU = Release|Any CPU
	EndGlobalSection
	GlobalSection(ProjectConfigurationPlatforms) = postSolution
		{C6F8096D-F55E-49FE-8928-9E17D3E86511}.Debug|Any CPU.ActiveCfg = Debug|Any CPU
		{C6F8096D-F55E-49FE-8928-9E17D3E86511}.Debug|Any CPU.Build.0 = Debug|Any CPU
		{C6F8096D-F55E-49FE-8928-9E17D3E86511}.Release|Any CPU.ActiveCfg = Release|Any CPU
		{C6F8096D-F55E-49FE-8928-9E17D3E86511}.Release|Any CPU.Build.0 = Release|Any CPU
	EndGlobalSection
	GlobalSection(SolutionProperties) = preSolution
		HideSolutionNode = FALSE
	EndGlobalSection
	GlobalSection(ExtensibilityGlobals) = postSolution
		SolutionGuid = {E3541A03-7AF4-46F7-BC76-38810CEA3A00}
	EndGlobalSection
EndGlobal
