
Microsoft Visual Studio Solution File, Format Version 12.00
# Visual Studio Version 16
VisualStudioVersion = 16.0.32901.82
MinimumVisualStudioVersion = 10.0.40219.1
Project("{FAE04EC0-301F-11D3-BF4B-00C04F79EFBC}") = "Files_Q8", "Files_Q8\Files_Q8.csproj", "{EAFAED63-1066-4819-B56B-A6DA3C34CF01}"
EndProject
Global
	GlobalSection(SolutionConfigurationPlatforms) = preSolution
		Debug|Any CPU = Debug|Any CPU
		Release|Any CPU = Release|Any CPU
	EndGlobalSection
	GlobalSection(ProjectConfigurationPlatforms) = postSolution
		{EAFAED63-1066-4819-B56B-A6DA3C34CF01}.Debug|Any CPU.ActiveCfg = Debug|Any CPU
		{EAFAED63-1066-4819-B56B-A6DA3C34CF01}.Debug|Any CPU.Build.0 = Debug|Any CPU
		{EAFAED63-1066-4819-B56B-A6DA3C34CF01}.Release|Any CPU.ActiveCfg = Release|Any CPU
		{EAFAED63-1066-4819-B56B-A6DA3C34CF01}.Release|Any CPU.Build.0 = Release|Any CPU
	EndGlobalSection
	GlobalSection(SolutionProperties) = preSolution
		HideSolutionNode = FALSE
	EndGlobalSection
	GlobalSection(ExtensibilityGlobals) = postSolution
		SolutionGuid = {12087385-7C30-442D-BE1E-D53A3A33FB9B}
	EndGlobalSection
EndGlobal
