
Microsoft Visual Studio Solution File, Format Version 12.00
# Visual Studio Version 16
VisualStudioVersion = 16.0.32901.82
MinimumVisualStudioVersion = 10.0.40219.1
Project("{FAE04EC0-301F-11D3-BF4B-00C04F79EFBC}") = "Math_Q5", "Math_Q5\Math_Q5.csproj", "{8316FE80-ACF5-4D34-A9F2-C1BCF790272C}"
EndProject
Global
	GlobalSection(SolutionConfigurationPlatforms) = preSolution
		Debug|Any CPU = Debug|Any CPU
		Release|Any CPU = Release|Any CPU
	EndGlobalSection
	GlobalSection(ProjectConfigurationPlatforms) = postSolution
		{8316FE80-ACF5-4D34-A9F2-C1BCF790272C}.Debug|Any CPU.ActiveCfg = Debug|Any CPU
		{8316FE80-ACF5-4D34-A9F2-C1BCF790272C}.Debug|Any CPU.Build.0 = Debug|Any CPU
		{8316FE80-ACF5-4D34-A9F2-C1BCF790272C}.Release|Any CPU.ActiveCfg = Release|Any CPU
		{8316FE80-ACF5-4D34-A9F2-C1BCF790272C}.Release|Any CPU.Build.0 = Release|Any CPU
	EndGlobalSection
	GlobalSection(SolutionProperties) = preSolution
		HideSolutionNode = FALSE
	EndGlobalSection
	GlobalSection(ExtensibilityGlobals) = postSolution
		SolutionGuid = {21E26AC0-7D95-4685-931A-E27ACE1D7854}
	EndGlobalSection
EndGlobal
