
Microsoft Visual Studio Solution File, Format Version 12.00
# Visual Studio Version 16
VisualStudioVersion = 16.0.32901.82
MinimumVisualStudioVersion = 10.0.40219.1
Project("{FAE04EC0-301F-11D3-BF4B-00C04F79EFBC}") = "Delegates_Q9", "Delegates_Q9\Delegates_Q9.csproj", "{89BD4366-17B8-49CB-BACB-FDC9A5990198}"
EndProject
Global
	GlobalSection(SolutionConfigurationPlatforms) = preSolution
		Debug|Any CPU = Debug|Any CPU
		Release|Any CPU = Release|Any CPU
	EndGlobalSection
	GlobalSection(ProjectConfigurationPlatforms) = postSolution
		{89BD4366-17B8-49CB-BACB-FDC9A5990198}.Debug|Any CPU.ActiveCfg = Debug|Any CPU
		{89BD4366-17B8-49CB-BACB-FDC9A5990198}.Debug|Any CPU.Build.0 = Debug|Any CPU
		{89BD4366-17B8-49CB-BACB-FDC9A5990198}.Release|Any CPU.ActiveCfg = Release|Any CPU
		{89BD4366-17B8-49CB-BACB-FDC9A5990198}.Release|Any CPU.Build.0 = Release|Any CPU
	EndGlobalSection
	GlobalSection(SolutionProperties) = preSolution
		HideSolutionNode = FALSE
	EndGlobalSection
	GlobalSection(ExtensibilityGlobals) = postSolution
		SolutionGuid = {FC982C09-235D-4B34-B229-8556FD14236B}
	EndGlobalSection
EndGlobal
